{
    "_readme": [
        "This file locks the dependencies of your project to a known state",
        "Read more about it at https://getcomposer.org/doc/01-basic-usage.md#installing-dependencies",
        "This file is @generated automatically"
    ],
    "content-hash": "de56d58ef871613efce4ee65cef684e6",
    "packages": [
        {
            "name": "flow-php/etl",
            "version": "dev-poc/serialization",
            "source": {
                "type": "git",
                "url": "https://github.com/flow-php/etl.git",
                "reference": "d3fa12d88acaae9809b0bc618320e35e0f44b5ca"
            },
            "dist": {
                "type": "zip",
                "url": "https://api.github.com/repos/flow-php/etl/zipball/d3fa12d88acaae9809b0bc618320e35e0f44b5ca",
                "reference": "d3fa12d88acaae9809b0bc618320e35e0f44b5ca",
                "shasum": ""
            },
            "require": {
                "ext-mbstring": "*",
                "php": "^7.4.2 || ~8.0"
            },
            "type": "library",
            "autoload": {
                "psr-4": {
                    "Flow\\": [
                        "src/Flow"
                    ]
                }
            },
            "notification-url": "https://packagist.org/downloads/",
            "license": [
                "MIT"
            ],
            "description": "PHP ETL - Extract Transform Load - Abstraction",
            "keywords": [
                "etl",
                "extract",
                "load",
                "transform"
            ],
            "support": {
                "issues": "https://github.com/flow-php/etl/issues",
                "source": "https://github.com/flow-php/etl/tree/poc/serialization"
            },
            "time": "2022-02-07T20:41:42+00:00"
        }
    ],
    "packages-dev": [
        {
            "name": "halaxa/json-machine",
            "version": "1.0.1",
            "source": {
                "type": "git",
                "url": "https://github.com/halaxa/json-machine.git",
                "reference": "0372736167a86a3f9c8723544e84bdb24ff032a6"
            },
            "dist": {
                "type": "zip",
                "url": "https://api.github.com/repos/halaxa/json-machine/zipball/0372736167a86a3f9c8723544e84bdb24ff032a6",
                "reference": "0372736167a86a3f9c8723544e84bdb24ff032a6",
                "shasum": ""
            },
            "require": {
                "php": ">=7.0"
            },
            "require-dev": {
                "ext-json": "*",
                "friendsofphp/php-cs-fixer": "^3.0",
                "phpunit/phpunit": "^8.0"
            },
            "suggest": {
                "ext-json": "To run JSON Machine out of the box without custom decoders.",
                "guzzlehttp/guzzle": "To run example with GuzzleHttp"
            },
            "type": "library",
            "autoload": {
                "psr-4": {
                    "JsonMachine\\": "src/"
                }
            },
            "notification-url": "https://packagist.org/downloads/",
            "license": [
                "Apache-2.0"
            ],
            "authors": [
                {
                    "name": "Filip Halaxa",
                    "email": "filip@halaxa.cz"
                }
            ],
            "description": "Efficient, easy-to-use and fast JSON pull parser",
            "support": {
                "issues": "https://github.com/halaxa/json-machine/issues",
                "source": "https://github.com/halaxa/json-machine/tree/1.0.1"
            },
            "funding": [
                {
                    "url": "https://ko-fi.com/G2G57KTE4",
                    "type": "other"
                }
            ],
            "time": "2022-02-05T17:55:41+00:00"
        }
    ],
    "aliases": [
        {
            "package": "flow-php/etl",
            "version": "dev-poc/serialization",
            "alias": "1.x-dev",
            "alias_normalized": "1.9999999.9999999.9999999-dev"
        }
    ],
    "minimum-stability": "dev",
    "stability-flags": {
        "flow-php/etl": 20
    },
    "prefer-stable": true,
    "prefer-lowest": false,
    "platform": {
        "php": "^7.4 | ^8.0",
        "ext-json": "*"
    },
    "platform-dev": [],
    "plugin-api-version": "2.2.0"
}
